
Microsoft Visual Studio Solution File, Format Version 12.00
# Visual Studio 15
VisualStudioVersion = 15.0.27703.2000
MinimumVisualStudioVersion = 10.0.40219.1
Project("{FAE04EC0-301F-11D3-BF4B-00C04F79EFBC}") = "ActividadesComplementarias", "ActividadesComplementarias\ActividadesComplementarias.csproj", "{6A924141-55C3-4DD8-BB14-80988927D031}"
EndProject
Global
	GlobalSection(SolutionConfigurationPlatforms) = preSolution
		Debug|Any CPU = Debug|Any CPU
		Release|Any CPU = Release|Any CPU
	EndGlobalSection
	GlobalSection(ProjectConfigurationPlatforms) = postSolution
		{6A924141-55C3-4DD8-BB14-80988927D031}.Debug|Any CPU.ActiveCfg = Debug|Any CPU
		{6A924141-55C3-4DD8-BB14-80988927D031}.Debug|Any CPU.Build.0 = Debug|Any CPU
		{6A924141-55C3-4DD8-BB14-80988927D031}.Release|Any CPU.ActiveCfg = Release|Any CPU
		{6A924141-55C3-4DD8-BB14-80988927D031}.Release|Any CPU.Build.0 = Release|Any CPU
	EndGlobalSection
	GlobalSection(SolutionProperties) = preSolution
		HideSolutionNode = FALSE
	EndGlobalSection
	GlobalSection(ExtensibilityGlobals) = postSolution
		SolutionGuid = {1CE1C13B-1CDB-4F3B-8F3A-F3DC143AC6D6}
	EndGlobalSection
EndGlobal
